// !$*UTF8*$!
{
	archiveVersion = 1;
	classes = {
	};
	objectVersion = 50;
	objects = {

/* Begin PBXBuildFile section */
		1AED32FA083511FFD8F9E9F7 /* libPods-iOSRouterDemo.a in Frameworks */ = {isa = PBXBuildFile; fileRef = B7DEA2E339B6AC241F772E03 /* libPods-iOSRouterDemo.a */; };
		2D1841E722D5E38100A31FE4 /* AppDelegate.m in Sources */ = {isa = PBXBuildFile; fileRef = 2D1841E622D5E38100A31FE4 /* AppDelegate.m */; };
		2D1841EA22D5E38100A31FE4 /* ViewController.m in Sources */ = {isa = PBXBuildFile; fileRef = 2D1841E922D5E38100A31FE4 /* ViewController.m */; };
		2D1841ED22D5E38100A31FE4 /* Main.storyboard in Resources */ = {isa = PBXBuildFile; fileRef = 2D1841EB22D5E38100A31FE4 /* Main.storyboard */; };
		2D1841EF22D5E38200A31FE4 /* Assets.xcassets in Resources */ = {isa = PBXBuildFile; fileRef = 2D1841EE22D5E38200A31FE4 /* Assets.xcassets */; };
		2D1841F222D5E38200A31FE4 /* LaunchScreen.storyboard in Resources */ = {isa = PBXBuildFile; fileRef = 2D1841F022D5E38200A31FE4 /* LaunchScreen.storyboard */; };
		2D1841F522D5E38200A31FE4 /* main.m in Sources */ = {isa = PBXBuildFile; fileRef = 2D1841F422D5E38200A31FE4 /* main.m */; };
		2D1841FF22D5E38200A31FE4 /* iOSRouterDemoTests.m in Sources */ = {isa = PBXBuildFile; fileRef = 2D1841FE22D5E38200A31FE4 /* iOSRouterDemoTests.m */; };
		2D18420A22D5E38200A31FE4 /* iOSRouterDemoUITests.m in Sources */ = {isa = PBXBuildFile; fileRef = 2D18420922D5E38200A31FE4 /* iOSRouterDemoUITests.m */; };
		2DBCE69D22D5FD2300134C37 /* FirstViewController.m in Sources */ = {isa = PBXBuildFile; fileRef = 2DBCE69C22D5FD2300134C37 /* FirstViewController.m */; };
		2DBCE6A022D5FD3E00134C37 /* SecondViewController.m in Sources */ = {isa = PBXBuildFile; fileRef = 2DBCE69F22D5FD3E00134C37 /* SecondViewController.m */; };
		2DBCE6AA22D6E31500134C37 /* UIViewController+Route.m in Sources */ = {isa = PBXBuildFile; fileRef = 2DBCE6A922D6E31500134C37 /* UIViewController+Route.m */; };
		5776D5BC254F3E71FAA4D3F3 /* libPods-iOSRouterDemoTests.a in Frameworks */ = {isa = PBXBuildFile; fileRef = D4F34D8C7E53988AB08ECE78 /* libPods-iOSRouterDemoTests.a */; };
		639E4594D959F2D2BB8E71F6 /* libPods-iOSRouterDemoUITests.a in Frameworks */ = {isa = PBXBuildFile; fileRef = AE5AE19A43FE1F1481526F33 /* libPods-iOSRouterDemoUITests.a */; };
/* End PBXBuildFile section */

/* Begin PBXContainerItemProxy section */
		2D1841FB22D5E38200A31FE4 /* PBXContainerItemProxy */ = {
			isa = PBXContainerItemProxy;
			containerPortal = 2D1841DA22D5E38100A31FE4 /* Project object */;
			proxyType = 1;
			remoteGlobalIDString = 2D1841E122D5E38100A31FE4;
			remoteInfo = iOSRouterDemo;
		};
		2D18420622D5E38200A31FE4 /* PBXContainerItemProxy */ = {
			isa = PBXContainerItemProxy;
			containerPortal = 2D1841DA22D5E38100A31FE4 /* Project object */;
			proxyType = 1;
			remoteGlobalIDString = 2D1841E122D5E38100A31FE4;
			remoteInfo = iOSRouterDemo;
		};
/* End PBXContainerItemProxy section */

/* Begin PBXFileReference section */
		2D1841E222D5E38100A31FE4 /* iOSRouterDemo.app */ = {isa = PBXFileReference; explicitFileType = wrapper.application; includeInIndex = 0; path = iOSRouterDemo.app; sourceTree = BUILT_PRODUCTS_DIR; };
		2D1841E522D5E38100A31FE4 /* AppDelegate.h */ = {isa = PBXFileReference; lastKnownFileType = sourcecode.c.h; path = AppDelegate.h; sourceTree = "<group>"; };
		2D1841E622D5E38100A31FE4 /* AppDelegate.m */ = {isa = PBXFileReference; lastKnownFileType = sourcecode.c.objc; path = AppDelegate.m; sourceTree = "<group>"; };
		2D1841E822D5E38100A31FE4 /* ViewController.h */ = {isa = PBXFileReference; lastKnownFileType = sourcecode.c.h; path = ViewController.h; sourceTree = "<group>"; };
		2D1841E922D5E38100A31FE4 /* ViewController.m */ = {isa = PBXFileReference; lastKnownFileType = sourcecode.c.objc; path = ViewController.m; sourceTree = "<group>"; };
		2D1841EC22D5E38100A31FE4 /* Base */ = {isa = PBXFileReference; lastKnownFileType = file.storyboard; name = Base; path = Base.lproj/Main.storyboard; sourceTree = "<group>"; };
		2D1841EE22D5E38200A31FE4 /* Assets.xcassets */ = {isa = PBXFileReference; lastKnownFileType = folder.assetcatalog; path = Assets.xcassets; sourceTree = "<group>"; };
		2D1841F122D5E38200A31FE4 /* Base */ = {isa = PBXFileReference; lastKnownFileType = file.storyboard; name = Base; path = Base.lproj/LaunchScreen.storyboard; sourceTree = "<group>"; };
		2D1841F322D5E38200A31FE4 /* Info.plist */ = {isa = PBXFileReference; lastKnownFileType = text.plist.xml; path = Info.plist; sourceTree = "<group>"; };
		2D1841F422D5E38200A31FE4 /* main.m */ = {isa = PBXFileReference; lastKnownFileType = sourcecode.c.objc; path = main.m; sourceTree = "<group>"; };
		2D1841FA22D5E38200A31FE4 /* iOSRouterDemoTests.xctest */ = {isa = PBXFileReference; explicitFileType = wrapper.cfbundle; includeInIndex = 0; path = iOSRouterDemoTests.xctest; sourceTree = BUILT_PRODUCTS_DIR; };
		2D1841FE22D5E38200A31FE4 /* iOSRouterDemoTests.m */ = {isa = PBXFileReference; lastKnownFileType = sourcecode.c.objc; path = iOSRouterDemoTests.m; sourceTree = "<group>"; };
		2D18420022D5E38200A31FE4 /* Info.plist */ = {isa = PBXFileReference; lastKnownFileType = text.plist.xml; path = Info.plist; sourceTree = "<group>"; };
		2D18420522D5E38200A31FE4 /* iOSRouterDemoUITests.xctest */ = {isa = PBXFileReference; explicitFileType = wrapper.cfbundle; includeInIndex = 0; path = iOSRouterDemoUITests.xctest; sourceTree = BUILT_PRODUCTS_DIR; };
		2D18420922D5E38200A31FE4 /* iOSRouterDemoUITests.m */ = {isa = PBXFileReference; lastKnownFileType = sourcecode.c.objc; path = iOSRouterDemoUITests.m; sourceTree = "<group>"; };
		2D18420B22D5E38200A31FE4 /* Info.plist */ = {isa = PBXFileReference; lastKnownFileType = text.plist.xml; path = Info.plist; sourceTree = "<group>"; };
		2DBCE69B22D5FD2300134C37 /* FirstViewController.h */ = {isa = PBXFileReference; lastKnownFileType = sourcecode.c.h; path = FirstViewController.h; sourceTree = "<group>"; };
		2DBCE69C22D5FD2300134C37 /* FirstViewController.m */ = {isa = PBXFileReference; lastKnownFileType = sourcecode.c.objc; path = FirstViewController.m; sourceTree = "<group>"; };
		2DBCE69E22D5FD3E00134C37 /* SecondViewController.h */ = {isa = PBXFileReference; lastKnownFileType = sourcecode.c.h; path = SecondViewController.h; sourceTree = "<group>"; };
		2DBCE69F22D5FD3E00134C37 /* SecondViewController.m */ = {isa = PBXFileReference; lastKnownFileType = sourcecode.c.objc; path = SecondViewController.m; sourceTree = "<group>"; };
		2DBCE6A822D6E31500134C37 /* UIViewController+Route.h */ = {isa = PBXFileReference; lastKnownFileType = sourcecode.c.h; path = "UIViewController+Route.h"; sourceTree = "<group>"; };
		2DBCE6A922D6E31500134C37 /* UIViewController+Route.m */ = {isa = PBXFileReference; lastKnownFileType = sourcecode.c.objc; path = "UIViewController+Route.m"; sourceTree = "<group>"; };
		51B69946830DAF09181CC699 /* Pods-iOSRouterDemo.release.xcconfig */ = {isa = PBXFileReference; includeInIndex = 1; lastKnownFileType = text.xcconfig; name = "Pods-iOSRouterDemo.release.xcconfig"; path = "Target Support Files/Pods-iOSRouterDemo/Pods-iOSRouterDemo.release.xcconfig"; sourceTree = "<group>"; };
		8E378EF20E009410B89EE035 /* Pods-iOSRouterDemoUITests.release.xcconfig */ = {isa = PBXFileReference; includeInIndex = 1; lastKnownFileType = text.xcconfig; name = "Pods-iOSRouterDemoUITests.release.xcconfig"; path = "Target Support Files/Pods-iOSRouterDemoUITests/Pods-iOSRouterDemoUITests.release.xcconfig"; sourceTree = "<group>"; };
		AE5AE19A43FE1F1481526F33 /* libPods-iOSRouterDemoUITests.a */ = {isa = PBXFileReference; explicitFileType = archive.ar; includeInIndex = 0; path = "libPods-iOSRouterDemoUITests.a"; sourceTree = BUILT_PRODUCTS_DIR; };
		B7DEA2E339B6AC241F772E03 /* libPods-iOSRouterDemo.a */ = {isa = PBXFileReference; explicitFileType = archive.ar; includeInIndex = 0; path = "libPods-iOSRouterDemo.a"; sourceTree = BUILT_PRODUCTS_DIR; };
		D4CE410BE278B65317CFDA0F /* Pods-iOSRouterDemoUITests.debug.xcconfig */ = {isa = PBXFileReference; includeInIndex = 1; lastKnownFileType = text.xcconfig; name = "Pods-iOSRouterDemoUITests.debug.xcconfig"; path = "Target Support Files/Pods-iOSRouterDemoUITests/Pods-iOSRouterDemoUITests.debug.xcconfig"; sourceTree = "<group>"; };
		D4F34D8C7E53988AB08ECE78 /* libPods-iOSRouterDemoTests.a */ = {isa = PBXFileReference; explicitFileType = archive.ar; includeInIndex = 0; path = "libPods-iOSRouterDemoTests.a"; sourceTree = BUILT_PRODUCTS_DIR; };
		E0973B764A4A7D16FE72AF40 /* Pods-iOSRouterDemoTests.debug.xcconfig */ = {isa = PBXFileReference; includeInIndex = 1; lastKnownFileType = text.xcconfig; name = "Pods-iOSRouterDemoTests.debug.xcconfig"; path = "Target Support Files/Pods-iOSRouterDemoTests/Pods-iOSRouterDemoTests.debug.xcconfig"; sourceTree = "<group>"; };
		EA49EF7265E284184C0306F6 /* Pods-iOSRouterDemo.debug.xcconfig */ = {isa = PBXFileReference; includeInIndex = 1; lastKnownFileType = text.xcconfig; name = "Pods-iOSRouterDemo.debug.xcconfig"; path = "Target Support Files/Pods-iOSRouterDemo/Pods-iOSRouterDemo.debug.xcconfig"; sourceTree = "<group>"; };
		F39E6018EE29D9C892B3CFAE /* Pods-iOSRouterDemoTests.release.xcconfig */ = {isa = PBXFileReference; includeInIndex = 1; lastKnownFileType = text.xcconfig; name = "Pods-iOSRouterDemoTests.release.xcconfig"; path = "Target Support Files/Pods-iOSRouterDemoTests/Pods-iOSRouterDemoTests.release.xcconfig"; sourceTree = "<group>"; };
/* End PBXFileReference section */

/* Begin PBXFrameworksBuildPhase section */
		2D1841DF22D5E38100A31FE4 /* Frameworks */ = {
			isa = PBXFrameworksBuildPhase;
			buildActionMask = 2147483647;
			files = (
				1AED32FA083511FFD8F9E9F7 /* libPods-iOSRouterDemo.a in Frameworks */,
			);
			runOnlyForDeploymentPostprocessing = 0;
		};
		2D1841F722D5E38200A31FE4 /* Frameworks */ = {
			isa = PBXFrameworksBuildPhase;
			buildActionMask = 2147483647;
			files = (
				5776D5BC254F3E71FAA4D3F3 /* libPods-iOSRouterDemoTests.a in Frameworks */,
			);
			runOnlyForDeploymentPostprocessing = 0;
		};
		2D18420222D5E38200A31FE4 /* Frameworks */ = {
			isa = PBXFrameworksBuildPhase;
			buildActionMask = 2147483647;
			files = (
				639E4594D959F2D2BB8E71F6 /* libPods-iOSRouterDemoUITests.a in Frameworks */,
			);
			runOnlyForDeploymentPostprocessing = 0;
		};
/* End PBXFrameworksBuildPhase section */

/* Begin PBXGroup section */
		2D1841D922D5E38100A31FE4 = {
			isa = PBXGroup;
			children = (
				2D1841E422D5E38100A31FE4 /* iOSRouterDemo */,
				2D1841FD22D5E38200A31FE4 /* iOSRouterDemoTests */,
				2D18420822D5E38200A31FE4 /* iOSRouterDemoUITests */,
				2D1841E322D5E38100A31FE4 /* Products */,
				33FB0EC541FD62F6888DD150 /* Pods */,
				8547780AF68526339AD19FFE /* Frameworks */,
			);
			sourceTree = "<group>";
		};
		2D1841E322D5E38100A31FE4 /* Products */ = {
			isa = PBXGroup;
			children = (
				2D1841E222D5E38100A31FE4 /* iOSRouterDemo.app */,
				2D1841FA22D5E38200A31FE4 /* iOSRouterDemoTests.xctest */,
				2D18420522D5E38200A31FE4 /* iOSRouterDemoUITests.xctest */,
			);
			name = Products;
			sourceTree = "<group>";
		};
		2D1841E422D5E38100A31FE4 /* iOSRouterDemo */ = {
			isa = PBXGroup;
			children = (
				2D1841E522D5E38100A31FE4 /* AppDelegate.h */,
				2D1841E622D5E38100A31FE4 /* AppDelegate.m */,
				2D1841E822D5E38100A31FE4 /* ViewController.h */,
				2D1841E922D5E38100A31FE4 /* ViewController.m */,
				2DBCE69B22D5FD2300134C37 /* FirstViewController.h */,
				2DBCE69C22D5FD2300134C37 /* FirstViewController.m */,
				2DBCE69E22D5FD3E00134C37 /* SecondViewController.h */,
				2DBCE69F22D5FD3E00134C37 /* SecondViewController.m */,
				2DBCE6A822D6E31500134C37 /* UIViewController+Route.h */,
				2DBCE6A922D6E31500134C37 /* UIViewController+Route.m */,
				2D1841EB22D5E38100A31FE4 /* Main.storyboard */,
				2D1841EE22D5E38200A31FE4 /* Assets.xcassets */,
				2D1841F022D5E38200A31FE4 /* LaunchScreen.storyboard */,
				2D1841F322D5E38200A31FE4 /* Info.plist */,
				2D1841F422D5E38200A31FE4 /* main.m */,
			);
			path = iOSRouterDemo;
			sourceTree = "<group>";
		};
		2D1841FD22D5E38200A31FE4 /* iOSRouterDemoTests */ = {
			isa = PBXGroup;
			children = (
				2D1841FE22D5E38200A31FE4 /* iOSRouterDemoTests.m */,
				2D18420022D5E38200A31FE4 /* Info.plist */,
			);
			path = iOSRouterDemoTests;
			sourceTree = "<group>";
		};
		2D18420822D5E38200A31FE4 /* iOSRouterDemoUITests */ = {
			isa = PBXGroup;
			children = (
				2D18420922D5E38200A31FE4 /* iOSRouterDemoUITests.m */,
				2D18420B22D5E38200A31FE4 /* Info.plist */,
			);
			path = iOSRouterDemoUITests;
			sourceTree = "<group>";
		};
		33FB0EC541FD62F6888DD150 /* Pods */ = {
			isa = PBXGroup;
			children = (
				EA49EF7265E284184C0306F6 /* Pods-iOSRouterDemo.debug.xcconfig */,
				51B69946830DAF09181CC699 /* Pods-iOSRouterDemo.release.xcconfig */,
				E0973B764A4A7D16FE72AF40 /* Pods-iOSRouterDemoTests.debug.xcconfig */,
				F39E6018EE29D9C892B3CFAE /* Pods-iOSRouterDemoTests.release.xcconfig */,
				D4CE410BE278B65317CFDA0F /* Pods-iOSRouterDemoUITests.debug.xcconfig */,
				8E378EF20E009410B89EE035 /* Pods-iOSRouterDemoUITests.release.xcconfig */,
			);
			path = Pods;
			sourceTree = "<group>";
		};
		8547780AF68526339AD19FFE /* Frameworks */ = {
			isa = PBXGroup;
			children = (
				B7DEA2E339B6AC241F772E03 /* libPods-iOSRouterDemo.a */,
				D4F34D8C7E53988AB08ECE78 /* libPods-iOSRouterDemoTests.a */,
				AE5AE19A43FE1F1481526F33 /* libPods-iOSRouterDemoUITests.a */,
			);
			name = Frameworks;
			sourceTree = "<group>";
		};
/* End PBXGroup section */

/* Begin PBXNativeTarget section */
		2D1841E122D5E38100A31FE4 /* iOSRouterDemo */ = {
			isa = PBXNativeTarget;
			buildConfigurationList = 2D18420E22D5E38200A31FE4 /* Build configuration list for PBXNativeTarget "iOSRouterDemo" */;
			buildPhases = (
				A11B94A10D3911CC5629D3D2 /* [CP] Check Pods Manifest.lock */,
				2D1841DE22D5E38100A31FE4 /* Sources */,
				2D1841DF22D5E38100A31FE4 /* Frameworks */,
				2D1841E022D5E38100A31FE4 /* Resources */,
			);
			buildRules = (
			);
			dependencies = (
			);
			name = iOSRouterDemo;
			productName = iOSRouterDemo;
			productReference = 2D1841E222D5E38100A31FE4 /* iOSRouterDemo.app */;
			productType = "com.apple.product-type.application";
		};
		2D1841F922D5E38200A31FE4 /* iOSRouterDemoTests */ = {
			isa = PBXNativeTarget;
			buildConfigurationList = 2D18421122D5E38200A31FE4 /* Build configuration list for PBXNativeTarget "iOSRouterDemoTests" */;
			buildPhases = (
				2CA252D3F947282129E57638 /* [CP] Check Pods Manifest.lock */,
				2D1841F622D5E38200A31FE4 /* Sources */,
				2D1841F722D5E38200A31FE4 /* Frameworks */,
				2D1841F822D5E38200A31FE4 /* Resources */,
			);
			buildRules = (
			);
			dependencies = (
				2D1841FC22D5E38200A31FE4 /* PBXTargetDependency */,
			);
			name = iOSRouterDemoTests;
			productName = iOSRouterDemoTests;
			productReference = 2D1841FA22D5E38200A31FE4 /* iOSRouterDemoTests.xctest */;
			productType = "com.apple.product-type.bundle.unit-test";
		};
		2D18420422D5E38200A31FE4 /* iOSRouterDemoUITests */ = {
			isa = PBXNativeTarget;
			buildConfigurationList = 2D18421422D5E38200A31FE4 /* Build configuration list for PBXNativeTarget "iOSRouterDemoUITests" */;
			buildPhases = (
				5511DD821366DB1A2446DC78 /* [CP] Check Pods Manifest.lock */,
				2D18420122D5E38200A31FE4 /* Sources */,
				2D18420222D5E38200A31FE4 /* Frameworks */,
				2D18420322D5E38200A31FE4 /* Resources */,
			);
			buildRules = (
			);
			dependencies = (
				2D18420722D5E38200A31FE4 /* PBXTargetDependency */,
			);
			name = iOSRouterDemoUITests;
			productName = iOSRouterDemoUITests;
			productReference = 2D18420522D5E38200A31FE4 /* iOSRouterDemoUITests.xctest */;
			productType = "com.apple.product-type.bundle.ui-testing";
		};
/* End PBXNativeTarget section */

/* Begin PBXProject section */
		2D1841DA22D5E38100A31FE4 /* Project object */ = {
			isa = PBXProject;
			attributes = {
				LastUpgradeCheck = 1020;
				ORGANIZATIONNAME = Ziwutong;
				TargetAttributes = {
					2D1841E122D5E38100A31FE4 = {
						CreatedOnToolsVersion = 10.2.1;
					};
					2D1841F922D5E38200A31FE4 = {
						CreatedOnToolsVersion = 10.2.1;
						TestTargetID = 2D1841E122D5E38100A31FE4;
					};
					2D18420422D5E38200A31FE4 = {
						CreatedOnToolsVersion = 10.2.1;
						TestTargetID = 2D1841E122D5E38100A31FE4;
					};
				};
			};
			buildConfigurationList = 2D1841DD22D5E38100A31FE4 /* Build configuration list for PBXProject "iOSRouterDemo" */;
			compatibilityVersion = "Xcode 9.3";
			developmentRegion = en;
			hasScannedForEncodings = 0;
			knownRegions = (
				en,
				Base,
			);
			mainGroup = 2D1841D922D5E38100A31FE4;
			productRefGroup = 2D1841E322D5E38100A31FE4 /* Products */;
			projectDirPath = "";
			projectRoot = "";
			targets = (
				2D1841E122D5E38100A31FE4 /* iOSRouterDemo */,
				2D1841F922D5E38200A31FE4 /* iOSRouterDemoTests */,
				2D18420422D5E38200A31FE4 /* iOSRouterDemoUITests */,
			);
		};
/* End PBXProject section */

/* Begin PBXResourcesBuildPhase section */
		2D1841E022D5E38100A31FE4 /* Resources */ = {
			isa = PBXResourcesBuildPhase;
			buildActionMask = 2147483647;
			files = (
				2D1841F222D5E38200A31FE4 /* LaunchScreen.storyboard in Resources */,
				2D1841EF22D5E38200A31FE4 /* Assets.xcassets in Resources */,
				2D1841ED22D5E38100A31FE4 /* Main.storyboard in Resources */,
			);
			runOnlyForDeploymentPostprocessing = 0;
		};
		2D1841F822D5E38200A31FE4 /* Resources */ = {
			isa = PBXResourcesBuildPhase;
			buildActionMask = 2147483647;
			files = (
			);
			runOnlyForDeploymentPostprocessing = 0;
		};
		2D18420322D5E38200A31FE4 /* Resources */ = {
			isa = PBXResourcesBuildPhase;
			buildActionMask = 2147483647;
			files = (
			);
			runOnlyForDeploymentPostprocessing = 0;
		};
/* End PBXResourcesBuildPhase section */

/* Begin PBXShellScriptBuildPhase section */
		2CA252D3F947282129E57638 /* [CP] Check Pods Manifest.lock */ = {
			isa = PBXShellScriptBuildPhase;
			buildActionMask = 2147483647;
			files = (
			);
			inputFileListPaths = (
			);
			inputPaths = (
				"${PODS_PODFILE_DIR_PATH}/Podfile.lock",
				"${PODS_ROOT}/Manifest.lock",
			);
			name = "[CP] Check Pods Manifest.lock";
			outputFileListPaths = (
			);
			outputPaths = (
				"$(DERIVED_FILE_DIR)/Pods-iOSRouterDemoTests-checkManifestLockResult.txt",
			);
			runOnlyForDeploymentPostprocessing = 0;
			shellPath = /bin/sh;
			shellScript = "diff \"${PODS_PODFILE_DIR_PATH}/Podfile.lock\" \"${PODS_ROOT}/Manifest.lock\" > /dev/null\nif [ $? != 0 ] ; then\n    # print error to STDERR\n    echo \"error: The sandbox is not in sync with the Podfile.lock. Run 'pod install' or update your CocoaPods installation.\" >&2\n    exit 1\nfi\n# This output is used by Xcode 'outputs' to avoid re-running this script phase.\necho \"SUCCESS\" > \"${SCRIPT_OUTPUT_FILE_0}\"\n";
			showEnvVarsInLog = 0;
		};
		5511DD821366DB1A2446DC78 /* [CP] Check Pods Manifest.lock */ = {
			isa = PBXShellScriptBuildPhase;
			buildActionMask = 2147483647;
			files = (
			);
			inputFileListPaths = (
			);
			inputPaths = (
				"${PODS_PODFILE_DIR_PATH}/Podfile.lock",
				"${PODS_ROOT}/Manifest.lock",
			);
			name = "[CP] Check Pods Manifest.lock";
			outputFileListPaths = (
			);
			outputPaths = (
				"$(DERIVED_FILE_DIR)/Pods-iOSRouterDemoUITests-checkManifestLockResult.txt",
			);
			runOnlyForDeploymentPostprocessing = 0;
			shellPath = /bin/sh;
			shellScript = "diff \"${PODS_PODFILE_DIR_PATH}/Podfile.lock\" \"${PODS_ROOT}/Manifest.lock\" > /dev/null\nif [ $? != 0 ] ; then\n    # print error to STDERR\n    echo \"error: The sandbox is not in sync with the Podfile.lock. Run 'pod install' or update your CocoaPods installation.\" >&2\n    exit 1\nfi\n# This output is used by Xcode 'outputs' to avoid re-running this script phase.\necho \"SUCCESS\" > \"${SCRIPT_OUTPUT_FILE_0}\"\n";
			showEnvVarsInLog = 0;
		};
		A11B94A10D3911CC5629D3D2 /* [CP] Check Pods Manifest.lock */ = {
			isa = PBXShellScriptBuildPhase;
			buildActionMask = 2147483647;
			files = (
			);
			inputFileListPaths = (
			);
			inputPaths = (
				"${PODS_PODFILE_DIR_PATH}/Podfile.lock",
				"${PODS_ROOT}/Manifest.lock",
			);
			name = "[CP] Check Pods Manifest.lock";
			outputFileListPaths = (
			);
			outputPaths = (
				"$(DERIVED_FILE_DIR)/Pods-iOSRouterDemo-checkManifestLockResult.txt",
			);
			runOnlyForDeploymentPostprocessing = 0;
			shellPath = /bin/sh;
			shellScript = "diff \"${PODS_PODFILE_DIR_PATH}/Podfile.lock\" \"${PODS_ROOT}/Manifest.lock\" > /dev/null\nif [ $? != 0 ] ; then\n    # print error to STDERR\n    echo \"error: The sandbox is not in sync with the Podfile.lock. Run 'pod install' or update your CocoaPods installation.\" >&2\n    exit 1\nfi\n# This output is used by Xcode 'outputs' to avoid re-running this script phase.\necho \"SUCCESS\" > \"${SCRIPT_OUTPUT_FILE_0}\"\n";
			showEnvVarsInLog = 0;
		};
/* End PBXShellScriptBuildPhase section */

/* Begin PBXSourcesBuildPhase section */
		2D1841DE22D5E38100A31FE4 /* Sources */ = {
			isa = PBXSourcesBuildPhase;
			buildActionMask = 2147483647;
			files = (
				2DBCE6A022D5FD3E00134C37 /* SecondViewController.m in Sources */,
				2D1841EA22D5E38100A31FE4 /* ViewController.m in Sources */,
				2D1841F522D5E38200A31FE4 /* main.m in Sources */,
				2D1841E722D5E38100A31FE4 /* AppDelegate.m in Sources */,
				2DBCE6AA22D6E31500134C37 /* UIViewController+Route.m in Sources */,
				2DBCE69D22D5FD2300134C37 /* FirstViewController.m in Sources */,
			);
			runOnlyForDeploymentPostprocessing = 0;
		};
		2D1841F622D5E38200A31FE4 /* Sources */ = {
			isa = PBXSourcesBuildPhase;
			buildActionMask = 2147483647;
			files = (
				2D1841FF22D5E38200A31FE4 /* iOSRouterDemoTests.m in Sources */,
			);
			runOnlyForDeploymentPostprocessing = 0;
		};
		2D18420122D5E38200A31FE4 /* Sources */ = {
			isa = PBXSourcesBuildPhase;
			buildActionMask = 2147483647;
			files = (
				2D18420A22D5E38200A31FE4 /* iOSRouterDemoUITests.m in Sources */,
			);
			runOnlyForDeploymentPostprocessing = 0;
		};
/* End PBXSourcesBuildPhase section */

/* Begin PBXTargetDependency section */
		2D1841FC22D5E38200A31FE4 /* PBXTargetDependency */ = {
			isa = PBXTargetDependency;
			target = 2D1841E122D5E38100A31FE4 /* iOSRouterDemo */;
			targetProxy = 2D1841FB22D5E38200A31FE4 /* PBXContainerItemProxy */;
		};
		2D18420722D5E38200A31FE4 /* PBXTargetDependency */ = {
			isa = PBXTargetDependency;
			target = 2D1841E122D5E38100A31FE4 /* iOSRouterDemo */;
			targetProxy = 2D18420622D5E38200A31FE4 /* PBXContainerItemProxy */;
		};
/* End PBXTargetDependency section */

/* Begin PBXVariantGroup section */
		2D1841EB22D5E38100A31FE4 /* Main.storyboard */ = {
			isa = PBXVariantGroup;
			children = (
				2D1841EC22D5E38100A31FE4 /* Base */,
			);
			name = Main.storyboard;
			sourceTree = "<group>";
		};
		2D1841F022D5E38200A31FE4 /* LaunchScreen.storyboard */ = {
			isa = PBXVariantGroup;
			children = (
				2D1841F122D5E38200A31FE4 /* Base */,
			);
			name = LaunchScreen.storyboard;
			sourceTree = "<group>";
		};
/* End PBXVariantGroup section */

/* Begin XCBuildConfiguration section */
		2D18420C22D5E38200A31FE4 /* Debug */ = {
			isa = XCBuildConfiguration;
			buildSettings = {
				ALWAYS_SEARCH_USER_PATHS = NO;
				CLANG_ANALYZER_NONNULL = YES;
				CLANG_ANALYZER_NUMBER_OBJECT_CONVERSION = YES_AGGRESSIVE;
				CLANG_CXX_LANGUAGE_STANDARD = "gnu++14";
				CLANG_CXX_LIBRARY = "libc++";
				CLANG_ENABLE_MODULES = YES;
				CLANG_ENABLE_OBJC_ARC = YES;
				CLANG_ENABLE_OBJC_WEAK = YES;
				CLANG_WARN_BLOCK_CAPTURE_AUTORELEASING = YES;
				CLANG_WARN_BOOL_CONVERSION = YES;
				CLANG_WARN_COMMA = YES;
				CLANG_WARN_CONSTANT_CONVERSION = YES;
				CLANG_WARN_DEPRECATED_OBJC_IMPLEMENTATIONS = YES;
				CLANG_WARN_DIRECT_OBJC_ISA_USAGE = YES_ERROR;
				CLANG_WARN_DOCUMENTATION_COMMENTS = YES;
				CLANG_WARN_EMPTY_BODY = YES;
				CLANG_WARN_ENUM_CONVERSION = YES;
				CLANG_WARN_INFINITE_RECURSION = YES;
				CLANG_WARN_INT_CONVERSION = YES;
				CLANG_WARN_NON_LITERAL_NULL_CONVERSION = YES;
				CLANG_WARN_OBJC_IMPLICIT_RETAIN_SELF = YES;
				CLANG_WARN_OBJC_LITERAL_CONVERSION = YES;
				CLANG_WARN_OBJC_ROOT_CLASS = YES_ERROR;
				CLANG_WARN_RANGE_LOOP_ANALYSIS = YES;
				CLANG_WARN_STRICT_PROTOTYPES = YES;
				CLANG_WARN_SUSPICIOUS_MOVE = YES;
				CLANG_WARN_UNGUARDED_AVAILABILITY = YES_AGGRESSIVE;
				CLANG_WARN_UNREACHABLE_CODE = YES;
				CLANG_WARN__DUPLICATE_METHOD_MATCH = YES;
				CODE_SIGN_IDENTITY = "iPhone Developer";
				COPY_PHASE_STRIP = NO;
				DEBUG_INFORMATION_FORMAT = dwarf;
				ENABLE_STRICT_OBJC_MSGSEND = YES;
				ENABLE_TESTABILITY = YES;
				GCC_C_LANGUAGE_STANDARD = gnu11;
				GCC_DYNAMIC_NO_PIC = NO;
				GCC_NO_COMMON_BLOCKS = YES;
				GCC_OPTIMIZATION_LEVEL = 0;
				GCC_PREPROCESSOR_DEFINITIONS = (
					"DEBUG=1",
					"$(inherited)",
				);
				GCC_WARN_64_TO_32_BIT_CONVERSION = YES;
				GCC_WARN_ABOUT_RETURN_TYPE = YES_ERROR;
				GCC_WARN_UNDECLARED_SELECTOR = YES;
				GCC_WARN_UNINITIALIZED_AUTOS = YES_AGGRESSIVE;
				GCC_WARN_UNUSED_FUNCTION = YES;
				GCC_WARN_UNUSED_VARIABLE = YES;
				IPHONEOS_DEPLOYMENT_TARGET = 12.2;
				MTL_ENABLE_DEBUG_INFO = INCLUDE_SOURCE;
				MTL_FAST_MATH = YES;
				ONLY_ACTIVE_ARCH = YES;
				SDKROOT = iphoneos;
			};
			name = Debug;
		};
		2D18420D22D5E38200A31FE4 /* Release */ = {
			isa = XCBuildConfiguration;
			buildSettings = {
				ALWAYS_SEARCH_USER_PATHS = NO;
				CLANG_ANALYZER_NONNULL = YES;
				CLANG_ANALYZER_NUMBER_OBJECT_CONVERSION = YES_AGGRESSIVE;
				CLANG_CXX_LANGUAGE_STANDARD = "gnu++14";
				CLANG_CXX_LIBRARY = "libc++";
				CLANG_ENABLE_MODULES = YES;
				CLANG_ENABLE_OBJC_ARC = YES;
				CLANG_ENABLE_OBJC_WEAK = YES;
				CLANG_WARN_BLOCK_CAPTURE_AUTORELEASING = YES;
				CLANG_WARN_BOOL_CONVERSION = YES;
				CLANG_WARN_COMMA = YES;
				CLANG_WARN_CONSTANT_CONVERSION = YES;
				CLANG_WARN_DEPRECATED_OBJC_IMPLEMENTATIONS = YES;
				CLANG_WARN_DIRECT_OBJC_ISA_USAGE = YES_ERROR;
				CLANG_WARN_DOCUMENTATION_COMMENTS = YES;
				CLANG_WARN_EMPTY_BODY = YES;
				CLANG_WARN_ENUM_CONVERSION = YES;
				CLANG_WARN_INFINITE_RECURSION = YES;
				CLANG_WARN_INT_CONVERSION = YES;
				CLANG_WARN_NON_LITERAL_NULL_CONVERSION = YES;
				CLANG_WARN_OBJC_IMPLICIT_RETAIN_SELF = YES;
				CLANG_WARN_OBJC_LITERAL_CONVERSION = YES;
				CLANG_WARN_OBJC_ROOT_CLASS = YES_ERROR;
				CLANG_WARN_RANGE_LOOP_ANALYSIS = YES;
				CLANG_WARN_STRICT_PROTOTYPES = YES;
				CLANG_WARN_SUSPICIOUS_MOVE = YES;
				CLANG_WARN_UNGUARDED_AVAILABILITY = YES_AGGRESSIVE;
				CLANG_WARN_UNREACHABLE_CODE = YES;
				CLANG_WARN__DUPLICATE_METHOD_MATCH = YES;
				CODE_SIGN_IDENTITY = "iPhone Developer";
				COPY_PHASE_STRIP = NO;
				DEBUG_INFORMATION_FORMAT = "dwarf-with-dsym";
				ENABLE_NS_ASSERTIONS = NO;
				ENABLE_STRICT_OBJC_MSGSEND = YES;
				GCC_C_LANGUAGE_STANDARD = gnu11;
				GCC_NO_COMMON_BLOCKS = YES;
				GCC_WARN_64_TO_32_BIT_CONVERSION = YES;
				GCC_WARN_ABOUT_RETURN_TYPE = YES_ERROR;
				GCC_WARN_UNDECLARED_SELECTOR = YES;
				GCC_WARN_UNINITIALIZED_AUTOS = YES_AGGRESSIVE;
				GCC_WARN_UNUSED_FUNCTION = YES;
				GCC_WARN_UNUSED_VARIABLE = YES;
				IPHONEOS_DEPLOYMENT_TARGET = 12.2;
				MTL_ENABLE_DEBUG_INFO = NO;
				MTL_FAST_MATH = YES;
				SDKROOT = iphoneos;
				VALIDATE_PRODUCT = YES;
			};
			name = Release;
		};
		2D18420F22D5E38200A31FE4 /* Debug */ = {
			isa = XCBuildConfiguration;
			baseConfigurationReference = EA49EF7265E284184C0306F6 /* Pods-iOSRouterDemo.debug.xcconfig */;
			buildSettings = {
				ASSETCATALOG_COMPILER_APPICON_NAME = AppIcon;
				CODE_SIGN_STYLE = Automatic;
				DEVELOPMENT_TEAM = 53395UF4JK;
				INFOPLIST_FILE = iOSRouterDemo/Info.plist;
				IPHONEOS_DEPLOYMENT_TARGET = 9.0;
				LD_RUNPATH_SEARCH_PATHS = (
					"$(inherited)",
					"@executable_path/Frameworks",
				);
				PRODUCT_BUNDLE_IDENTIFIER = com.Ziwutong.iOSRouterDemo;
				PRODUCT_NAME = "$(TARGET_NAME)";
				TARGETED_DEVICE_FAMILY = "1,2";
			};
			name = Debug;
		};
		2D18421022D5E38200A31FE4 /* Release */ = {
			isa = XCBuildConfiguration;
			baseConfigurationReference = 51B69946830DAF09181CC699 /* Pods-iOSRouterDemo.release.xcconfig */;
			buildSettings = {
				ASSETCATALOG_COMPILER_APPICON_NAME = AppIcon;
				CODE_SIGN_STYLE = Automatic;
				DEVELOPMENT_TEAM = 53395UF4JK;
				INFOPLIST_FILE = iOSRouterDemo/Info.plist;
				IPHONEOS_DEPLOYMENT_TARGET = 9.0;
				LD_RUNPATH_SEARCH_PATHS = (
					"$(inherited)",
					"@executable_path/Frameworks",
				);
				PRODUCT_BUNDLE_IDENTIFIER = com.Ziwutong.iOSRouterDemo;
				PRODUCT_NAME = "$(TARGET_NAME)";
				TARGETED_DEVICE_FAMILY = "1,2";
			};
			name = Release;
		};
		2D18421222D5E38200A31FE4 /* Debug */ = {
			isa = XCBuildConfiguration;
			baseConfigurationReference = E0973B764A4A7D16FE72AF40 /* Pods-iOSRouterDemoTests.debug.xcconfig */;
			buildSettings = {
				BUNDLE_LOADER = "$(TEST_HOST)";
				CODE_SIGN_STYLE = Automatic;
				DEVELOPMENT_TEAM = 53395UF4JK;
				INFOPLIST_FILE = iOSRouterDemoTests/Info.plist;
				LD_RUNPATH_SEARCH_PATHS = (
					"$(inherited)",
					"@executable_path/Frameworks",
					"@loader_path/Frameworks",
				);
				PRODUCT_BUNDLE_IDENTIFIER = com.Ziwutong.iOSRouterDemoTests;
				PRODUCT_NAME = "$(TARGET_NAME)";
				TARGETED_DEVICE_FAMILY = "1,2";
				TEST_HOST = "$(BUILT_PRODUCTS_DIR)/iOSRouterDemo.app/iOSRouterDemo";
			};
			name = Debug;
		};
		2D18421322D5E38200A31FE4 /* Release */ = {
			isa = XCBuildConfiguration;
			baseConfigurationReference = F39E6018EE29D9C892B3CFAE /* Pods-iOSRouterDemoTests.release.xcconfig */;
			buildSettings = {
				BUNDLE_LOADER = "$(TEST_HOST)";
				CODE_SIGN_STYLE = Automatic;
				DEVELOPMENT_TEAM = 53395UF4JK;
				INFOPLIST_FILE = iOSRouterDemoTests/Info.plist;
				LD_RUNPATH_SEARCH_PATHS = (
					"$(inherited)",
					"@executable_path/Frameworks",
					"@loader_path/Frameworks",
				);
				PRODUCT_BUNDLE_IDENTIFIER = com.Ziwutong.iOSRouterDemoTests;
				PRODUCT_NAME = "$(TARGET_NAME)";
				TARGETED_DEVICE_FAMILY = "1,2";
				TEST_HOST = "$(BUILT_PRODUCTS_DIR)/iOSRouterDemo.app/iOSRouterDemo";
			};
			name = Release;
		};
		2D18421522D5E38200A31FE4 /* Debug */ = {
			isa = XCBuildConfiguration;
			baseConfigurationReference = D4CE410BE278B65317CFDA0F /* Pods-iOSRouterDemoUITests.debug.xcconfig */;
			buildSettings = {
				CODE_SIGN_STYLE = Automatic;
				DEVELOPMENT_TEAM = 53395UF4JK;
				INFOPLIST_FILE = iOSRouterDemoUITests/Info.plist;
				LD_RUNPATH_SEARCH_PATHS = (
					"$(inherited)",
					"@executable_path/Frameworks",
					"@loader_path/Frameworks",
				);
				PRODUCT_BUNDLE_IDENTIFIER = com.Ziwutong.iOSRouterDemoUITests;
				PRODUCT_NAME = "$(TARGET_NAME)";
				TARGETED_DEVICE_FAMILY = "1,2";
				TEST_TARGET_NAME = iOSRouterDemo;
			};
			name = Debug;
		};
		2D18421622D5E38200A31FE4 /* Release */ = {
			isa = XCBuildConfiguration;
			baseConfigurationReference = 8E378EF20E009410B89EE035 /* Pods-iOSRouterDemoUITests.release.xcconfig */;
			buildSettings = {
				CODE_SIGN_STYLE = Automatic;
				DEVELOPMENT_TEAM = 53395UF4JK;
				INFOPLIST_FILE = iOSRouterDemoUITests/Info.plist;
				LD_RUNPATH_SEARCH_PATHS = (
					"$(inherited)",
					"@executable_path/Frameworks",
					"@loader_path/Frameworks",
				);
				PRODUCT_BUNDLE_IDENTIFIER = com.Ziwutong.iOSRouterDemoUITests;
				PRODUCT_NAME = "$(TARGET_NAME)";
				TARGETED_DEVICE_FAMILY = "1,2";
				TEST_TARGET_NAME = iOSRouterDemo;
			};
			name = Release;
		};
/* End XCBuildConfiguration section */

/* Begin XCConfigurationList section */
		2D1841DD22D5E38100A31FE4 /* Build configuration list for PBXProject "iOSRouterDemo" */ = {
			isa = XCConfigurationList;
			buildConfigurations = (
				2D18420C22D5E38200A31FE4 /* Debug */,
				2D18420D22D5E38200A31FE4 /* Release */,
			);
			defaultConfigurationIsVisible = 0;
			defaultConfigurationName = Release;
		};
		2D18420E22D5E38200A31FE4 /* Build configuration list for PBXNativeTarget "iOSRouterDemo" */ = {
			isa = XCConfigurationList;
			buildConfigurations = (
				2D18420F22D5E38200A31FE4 /* Debug */,
				2D18421022D5E38200A31FE4 /* Release */,
			);
			defaultConfigurationIsVisible = 0;
			defaultConfigurationName = Release;
		};
		2D18421122D5E38200A31FE4 /* Build configuration list for PBXNativeTarget "iOSRouterDemoTests" */ = {
			isa = XCConfigurationList;
			buildConfigurations = (
				2D18421222D5E38200A31FE4 /* Debug */,
				2D18421322D5E38200A31FE4 /* Release */,
			);
			defaultConfigurationIsVisible = 0;
			defaultConfigurationName = Release;
		};
		2D18421422D5E38200A31FE4 /* Build configuration list for PBXNativeTarget "iOSRouterDemoUITests" */ = {
			isa = XCConfigurationList;
			buildConfigurations = (
				2D18421522D5E38200A31FE4 /* Debug */,
				2D18421622D5E38200A31FE4 /* Release */,
			);
			defaultConfigurationIsVisible = 0;
			defaultConfigurationName = Release;
		};
/* End XCConfigurationList section */
	};
	rootObject = 2D1841DA22D5E38100A31FE4 /* Project object */;
}
